
Microsoft Visual Studio Solution File, Format Version 12.00
# Visual Studio Version 17
VisualStudioVersion = 17.11.35222.181
MinimumVisualStudioVersion = 10.0.40219.1
Project("{9A19103F-16F7-4668-BE54-9A1E7A4F7556}") = "MyAnthemsAPI", "MyAnthemsAPI.csproj", "{35A18C93-7C2B-4257-A028-3135DDE1A1D8}"
EndProject
Global
	GlobalSection(SolutionConfigurationPlatforms) = preSolution
		Debug|Any CPU = Debug|Any CPU
		Release|Any CPU = Release|Any CPU
	EndGlobalSection
	GlobalSection(ProjectConfigurationPlatforms) = postSolution
		{35A18C93-7C2B-4257-A028-3135DDE1A1D8}.Debug|Any CPU.ActiveCfg = Debug|Any CPU
		{35A18C93-7C2B-4257-A028-3135DDE1A1D8}.Debug|Any CPU.Build.0 = Debug|Any CPU
		{35A18C93-7C2B-4257-A028-3135DDE1A1D8}.Release|Any CPU.ActiveCfg = Release|Any CPU
		{35A18C93-7C2B-4257-A028-3135DDE1A1D8}.Release|Any CPU.Build.0 = Release|Any CPU
	EndGlobalSection
	GlobalSection(SolutionProperties) = preSolution
		HideSolutionNode = FALSE
	EndGlobalSection
	GlobalSection(ExtensibilityGlobals) = postSolution
		SolutionGuid = {6180B6DB-1D5B-4220-A3DD-4877E3802BE8}
	EndGlobalSection
EndGlobal
